
Microsoft Visual Studio Solution File, Format Version 12.00
# Visual Studio Version 17
VisualStudioVersion = 17.7.34031.279
MinimumVisualStudioVersion = 10.0.40219.1
Project("{FAE04EC0-301F-11D3-BF4B-00C04F79EFBC}") = "eTickets", "eTickets\eTickets.csproj", "{6FDA2FE4-CA72-4947-8834-2C2076976867}"
EndProject
Global
	GlobalSection(SolutionConfigurationPlatforms) = preSolution
		Debug|Any CPU = Debug|Any CPU
		Release|Any CPU = Release|Any CPU
	EndGlobalSection
	GlobalSection(ProjectConfigurationPlatforms) = postSolution
		{6FDA2FE4-CA72-4947-8834-2C2076976867}.Debug|Any CPU.ActiveCfg = Debug|Any CPU
		{6FDA2FE4-CA72-4947-8834-2C2076976867}.Debug|Any CPU.Build.0 = Debug|Any CPU
		{6FDA2FE4-CA72-4947-8834-2C2076976867}.Release|Any CPU.ActiveCfg = Release|Any CPU
		{6FDA2FE4-CA72-4947-8834-2C2076976867}.Release|Any CPU.Build.0 = Release|Any CPU
	EndGlobalSection
	GlobalSection(SolutionProperties) = preSolution
		HideSolutionNode = FALSE
	EndGlobalSection
	GlobalSection(ExtensibilityGlobals) = postSolution
		SolutionGuid = {2748BC6B-AE8C-49FC-B635-026CDCD4448C}
	EndGlobalSection
EndGlobal
